
Microsoft Visual Studio Solution File, Format Version 12.00
# Visual Studio Version 16
VisualStudioVersion = 16.0.30011.22
MinimumVisualStudioVersion = 10.0.40219.1
Project("{FAE04EC0-301F-11D3-BF4B-00C04F79EFBC}") = "movie-crusier", "movie-crusier.csproj", "{6163D930-2669-41AE-AE7D-1E387421A778}"
EndProject
Global
	GlobalSection(SolutionConfigurationPlatforms) = preSolution
		Debug|Any CPU = Debug|Any CPU
		Release|Any CPU = Release|Any CPU
	EndGlobalSection
	GlobalSection(ProjectConfigurationPlatforms) = postSolution
		{6163D930-2669-41AE-AE7D-1E387421A778}.Debug|Any CPU.ActiveCfg = Debug|Any CPU
		{6163D930-2669-41AE-AE7D-1E387421A778}.Debug|Any CPU.Build.0 = Debug|Any CPU
		{6163D930-2669-41AE-AE7D-1E387421A778}.Release|Any CPU.ActiveCfg = Release|Any CPU
		{6163D930-2669-41AE-AE7D-1E387421A778}.Release|Any CPU.Build.0 = Release|Any CPU
	EndGlobalSection
	GlobalSection(SolutionProperties) = preSolution
		HideSolutionNode = FALSE
	EndGlobalSection
	GlobalSection(ExtensibilityGlobals) = postSolution
		SolutionGuid = {23A80A47-BAF1-4229-9127-31B7FA3EA046}
	EndGlobalSection
EndGlobal
